
Microsoft Visual Studio Solution File, Format Version 12.00
Project("{FAE04EC0-301F-11D3-BF4B-00C04F79EFBC}") = "AbstractFactory", "AbstractFactory\AbstractFactory.csproj", "{460AFE81-2874-4C7F-BE2D-745BA58BE7A1}"
EndProject
Project("{FAE04EC0-301F-11D3-BF4B-00C04F79EFBC}") = "FactoryDPWithDI", "FactoryDPWithDI\FactoryDPWithDI.csproj", "{FCD89BF1-099C-4CBC-B5E0-B0C63713E486}"
EndProject
Project("{FAE04EC0-301F-11D3-BF4B-00C04F79EFBC}") = "SingletonPattern", "SingletonPattern\SingletonPattern.csproj", "{6F8A4FD3-04BE-4E28-93C8-38B4D919E2C8}"
EndProject
Global
	GlobalSection(SolutionConfigurationPlatforms) = preSolution
		Debug|Any CPU = Debug|Any CPU
		Release|Any CPU = Release|Any CPU
	EndGlobalSection
	GlobalSection(ProjectConfigurationPlatforms) = postSolution
		{460AFE81-2874-4C7F-BE2D-745BA58BE7A1}.Debug|Any CPU.ActiveCfg = Debug|Any CPU
		{460AFE81-2874-4C7F-BE2D-745BA58BE7A1}.Debug|Any CPU.Build.0 = Debug|Any CPU
		{460AFE81-2874-4C7F-BE2D-745BA58BE7A1}.Release|Any CPU.ActiveCfg = Release|Any CPU
		{460AFE81-2874-4C7F-BE2D-745BA58BE7A1}.Release|Any CPU.Build.0 = Release|Any CPU
		{FCD89BF1-099C-4CBC-B5E0-B0C63713E486}.Debug|Any CPU.ActiveCfg = Debug|Any CPU
		{FCD89BF1-099C-4CBC-B5E0-B0C63713E486}.Debug|Any CPU.Build.0 = Debug|Any CPU
		{FCD89BF1-099C-4CBC-B5E0-B0C63713E486}.Release|Any CPU.ActiveCfg = Release|Any CPU
		{FCD89BF1-099C-4CBC-B5E0-B0C63713E486}.Release|Any CPU.Build.0 = Release|Any CPU
		{6F8A4FD3-04BE-4E28-93C8-38B4D919E2C8}.Debug|Any CPU.ActiveCfg = Debug|Any CPU
		{6F8A4FD3-04BE-4E28-93C8-38B4D919E2C8}.Debug|Any CPU.Build.0 = Debug|Any CPU
		{6F8A4FD3-04BE-4E28-93C8-38B4D919E2C8}.Release|Any CPU.ActiveCfg = Release|Any CPU
		{6F8A4FD3-04BE-4E28-93C8-38B4D919E2C8}.Release|Any CPU.Build.0 = Release|Any CPU
	EndGlobalSection
EndGlobal
